// !$*UTF8*$!
{
	archiveVersion = 1;
	classes = {
	};
	objectVersion = 55;
	objects = {

/* Begin PBXBuildFile section */
		A50B7374273C8FDB008E3AE0 /* AppDelegate.swift in Sources */ = {isa = PBXBuildFile; fileRef = A50B7373273C8FDB008E3AE0 /* AppDelegate.swift */; };
		A50B7376273C8FDB008E3AE0 /* SceneDelegate.swift in Sources */ = {isa = PBXBuildFile; fileRef = A50B7375273C8FDB008E3AE0 /* SceneDelegate.swift */; };
		A50B7378273C8FDB008E3AE0 /* ViewController.swift in Sources */ = {isa = PBXBuildFile; fileRef = A50B7377273C8FDB008E3AE0 /* ViewController.swift */; };
		A50B737B273C8FDB008E3AE0 /* Main.storyboard in Resources */ = {isa = PBXBuildFile; fileRef = A50B7379273C8FDB008E3AE0 /* Main.storyboard */; };
		A50B737E273C8FDB008E3AE0 /* Prework.xcdatamodeld in Sources */ = {isa = PBXBuildFile; fileRef = A50B737C273C8FDB008E3AE0 /* Prework.xcdatamodeld */; };
		A50B7380273C8FDD008E3AE0 /* Assets.xcassets in Resources */ = {isa = PBXBuildFile; fileRef = A50B737F273C8FDD008E3AE0 /* Assets.xcassets */; };
		A50B7383273C8FDD008E3AE0 /* LaunchScreen.storyboard in Resources */ = {isa = PBXBuildFile; fileRef = A50B7381273C8FDD008E3AE0 /* LaunchScreen.storyboard */; };
		A50B738E273C8FDD008E3AE0 /* PreworkTests.swift in Sources */ = {isa = PBXBuildFile; fileRef = A50B738D273C8FDD008E3AE0 /* PreworkTests.swift */; };
		A50B7398273C8FDE008E3AE0 /* PreworkUITests.swift in Sources */ = {isa = PBXBuildFile; fileRef = A50B7397273C8FDE008E3AE0 /* PreworkUITests.swift */; };
		A50B739A273C8FDE008E3AE0 /* PreworkUITestsLaunchTests.swift in Sources */ = {isa = PBXBuildFile; fileRef = A50B7399273C8FDE008E3AE0 /* PreworkUITestsLaunchTests.swift */; };
/* End PBXBuildFile section */

/* Begin PBXContainerItemProxy section */
		A50B738A273C8FDD008E3AE0 /* PBXContainerItemProxy */ = {
			isa = PBXContainerItemProxy;
			containerPortal = A50B7368273C8FDB008E3AE0 /* Project object */;
			proxyType = 1;
			remoteGlobalIDString = A50B736F273C8FDB008E3AE0;
			remoteInfo = Prework;
		};
		A50B7394273C8FDE008E3AE0 /* PBXContainerItemProxy */ = {
			isa = PBXContainerItemProxy;
			containerPortal = A50B7368273C8FDB008E3AE0 /* Project object */;
			proxyType = 1;
			remoteGlobalIDString = A50B736F273C8FDB008E3AE0;
			remoteInfo = Prework;
		};
/* End PBXContainerItemProxy section */

/* Begin PBXFileReference section */
		A50B7370273C8FDB008E3AE0 /* Prework.app */ = {isa = PBXFileReference; explicitFileType = wrapper.application; includeInIndex = 0; path = Prework.app; sourceTree = BUILT_PRODUCTS_DIR; };
		A50B7373273C8FDB008E3AE0 /* AppDelegate.swift */ = {isa = PBXFileReference; lastKnownFileType = sourcecode.swift; path = AppDelegate.swift; sourceTree = "<group>"; };
		A50B7375273C8FDB008E3AE0 /* SceneDelegate.swift */ = {isa = PBXFileReference; lastKnownFileType = sourcecode.swift; path = SceneDelegate.swift; sourceTree = "<group>"; };
		A50B7377273C8FDB008E3AE0 /* ViewController.swift */ = {isa = PBXFileReference; lastKnownFileType = sourcecode.swift; path = ViewController.swift; sourceTree = "<group>"; };
		A50B737A273C8FDB008E3AE0 /* Base */ = {isa = PBXFileReference; lastKnownFileType = file.storyboard; name = Base; path = Base.lproj/Main.storyboard; sourceTree = "<group>"; };
		A50B737D273C8FDB008E3AE0 /* Prework.xcdatamodel */ = {isa = PBXFileReference; lastKnownFileType = wrapper.xcdatamodel; path = Prework.xcdatamodel; sourceTree = "<group>"; };
		A50B737F273C8FDD008E3AE0 /* Assets.xcassets */ = {isa = PBXFileReference; lastKnownFileType = folder.assetcatalog; path = Assets.xcassets; sourceTree = "<group>"; };
		A50B7382273C8FDD008E3AE0 /* Base */ = {isa = PBXFileReference; lastKnownFileType = file.storyboard; name = Base; path = Base.lproj/LaunchScreen.storyboard; sourceTree = "<group>"; };
		A50B7384273C8FDD008E3AE0 /* Info.plist */ = {isa = PBXFileReference; lastKnownFileType = text.plist.xml; path = Info.plist; sourceTree = "<group>"; };
		A50B7389273C8FDD008E3AE0 /* PreworkTests.xctest */ = {isa = PBXFileReference; explicitFileType = wrapper.cfbundle; includeInIndex = 0; path = PreworkTests.xctest; sourceTree = BUILT_PRODUCTS_DIR; };
		A50B738D273C8FDD008E3AE0 /* PreworkTests.swift */ = {isa = PBXFileReference; lastKnownFileType = sourcecode.swift; path = PreworkTests.swift; sourceTree = "<group>"; };
		A50B7393273C8FDE008E3AE0 /* PreworkUITests.xctest */ = {isa = PBXFileReference; explicitFileType = wrapper.cfbundle; includeInIndex = 0; path = PreworkUITests.xctest; sourceTree = BUILT_PRODUCTS_DIR; };
		A50B7397273C8FDE008E3AE0 /* PreworkUITests.swift */ = {isa = PBXFileReference; lastKnownFileType = sourcecode.swift; path = PreworkUITests.swift; sourceTree = "<group>"; };
		A50B7399273C8FDE008E3AE0 /* PreworkUITestsLaunchTests.swift */ = {isa = PBXFileReference; lastKnownFileType = sourcecode.swift; path = PreworkUITestsLaunchTests.swift; sourceTree = "<group>"; };
/* End PBXFileReference section */

/* Begin PBXFrameworksBuildPhase section */
		A50B736D273C8FDB008E3AE0 /* Frameworks */ = {
			isa = PBXFrameworksBuildPhase;
			buildActionMask = 2147483647;
			files = (
			);
			runOnlyForDeploymentPostprocessing = 0;
		};
		A50B7386273C8FDD008E3AE0 /* Frameworks */ = {
			isa = PBXFrameworksBuildPhase;
			buildActionMask = 2147483647;
			files = (
			);
			runOnlyForDeploymentPostprocessing = 0;
		};
		A50B7390273C8FDE008E3AE0 /* Frameworks */ = {
			isa = PBXFrameworksBuildPhase;
			buildActionMask = 2147483647;
			files = (
			);
			runOnlyForDeploymentPostprocessing = 0;
		};
/* End PBXFrameworksBuildPhase section */

/* Begin PBXGroup section */
		A50B7367273C8FDB008E3AE0 = {
			isa = PBXGroup;
			children = (
				A50B7372273C8FDB008E3AE0 /* Prework */,
				A50B738C273C8FDD008E3AE0 /* PreworkTests */,
				A50B7396273C8FDE008E3AE0 /* PreworkUITests */,
				A50B7371273C8FDB008E3AE0 /* Products */,
			);
			sourceTree = "<group>";
		};
		A50B7371273C8FDB008E3AE0 /* Products */ = {
			isa = PBXGroup;
			children = (
				A50B7370273C8FDB008E3AE0 /* Prework.app */,
				A50B7389273C8FDD008E3AE0 /* PreworkTests.xctest */,
				A50B7393273C8FDE008E3AE0 /* PreworkUITests.xctest */,
			);
			name = Products;
			sourceTree = "<group>";
		};
		A50B7372273C8FDB008E3AE0 /* Prework */ = {
			isa = PBXGroup;
			children = (
				A50B7373273C8FDB008E3AE0 /* AppDelegate.swift */,
				A50B7375273C8FDB008E3AE0 /* SceneDelegate.swift */,
				A50B7377273C8FDB008E3AE0 /* ViewController.swift */,
				A50B7379273C8FDB008E3AE0 /* Main.storyboard */,
				A50B737F273C8FDD008E3AE0 /* Assets.xcassets */,
				A50B7381273C8FDD008E3AE0 /* LaunchScreen.storyboard */,
				A50B7384273C8FDD008E3AE0 /* Info.plist */,
				A50B737C273C8FDB008E3AE0 /* Prework.xcdatamodeld */,
			);
			path = Prework;
			sourceTree = "<group>";
		};
		A50B738C273C8FDD008E3AE0 /* PreworkTests */ = {
			isa = PBXGroup;
			children = (
				A50B738D273C8FDD008E3AE0 /* PreworkTests.swift */,
			);
			path = PreworkTests;
			sourceTree = "<group>";
		};
		A50B7396273C8FDE008E3AE0 /* PreworkUITests */ = {
			isa = PBXGroup;
			children = (
				A50B7397273C8FDE008E3AE0 /* PreworkUITests.swift */,
				A50B7399273C8FDE008E3AE0 /* PreworkUITestsLaunchTests.swift */,
			);
			path = PreworkUITests;
			sourceTree = "<group>";
		};
/* End PBXGroup section */

/* Begin PBXNativeTarget section */
		A50B736F273C8FDB008E3AE0 /* Prework */ = {
			isa = PBXNativeTarget;
			buildConfigurationList = A50B739D273C8FDE008E3AE0 /* Build configuration list for PBXNativeTarget "Prework" */;
			buildPhases = (
				A50B736C273C8FDB008E3AE0 /* Sources */,
				A50B736D273C8FDB008E3AE0 /* Frameworks */,
				A50B736E273C8FDB008E3AE0 /* Resources */,
			);
			buildRules = (
			);
			dependencies = (
			);
			name = Prework;
			productName = Prework;
			productReference = A50B7370273C8FDB008E3AE0 /* Prework.app */;
			productType = "com.apple.product-type.application";
		};
		A50B7388273C8FDD008E3AE0 /* PreworkTests */ = {
			isa = PBXNativeTarget;
			buildConfigurationList = A50B73A0273C8FDE008E3AE0 /* Build configuration list for PBXNativeTarget "PreworkTests" */;
			buildPhases = (
				A50B7385273C8FDD008E3AE0 /* Sources */,
				A50B7386273C8FDD008E3AE0 /* Frameworks */,
				A50B7387273C8FDD008E3AE0 /* Resources */,
			);
			buildRules = (
			);
			dependencies = (
				A50B738B273C8FDD008E3AE0 /* PBXTargetDependency */,
			);
			name = PreworkTests;
			productName = PreworkTests;
			productReference = A50B7389273C8FDD008E3AE0 /* PreworkTests.xctest */;
			productType = "com.apple.product-type.bundle.unit-test";
		};
		A50B7392273C8FDE008E3AE0 /* PreworkUITests */ = {
			isa = PBXNativeTarget;
			buildConfigurationList = A50B73A3273C8FDE008E3AE0 /* Build configuration list for PBXNativeTarget "PreworkUITests" */;
			buildPhases = (
				A50B738F273C8FDE008E3AE0 /* Sources */,
				A50B7390273C8FDE008E3AE0 /* Frameworks */,
				A50B7391273C8FDE008E3AE0 /* Resources */,
			);
			buildRules = (
			);
			dependencies = (
				A50B7395273C8FDE008E3AE0 /* PBXTargetDependency */,
			);
			name = PreworkUITests;
			productName = PreworkUITests;
			productReference = A50B7393273C8FDE008E3AE0 /* PreworkUITests.xctest */;
			productType = "com.apple.product-type.bundle.ui-testing";
		};
/* End PBXNativeTarget section */

/* Begin PBXProject section */
		A50B7368273C8FDB008E3AE0 /* Project object */ = {
			isa = PBXProject;
			attributes = {
				BuildIndependentTargetsInParallel = 1;
				LastSwiftUpdateCheck = 1320;
				LastUpgradeCheck = 1320;
				TargetAttributes = {
					A50B736F273C8FDB008E3AE0 = {
						CreatedOnToolsVersion = 13.2;
					};
					A50B7388273C8FDD008E3AE0 = {
						CreatedOnToolsVersion = 13.2;
						TestTargetID = A50B736F273C8FDB008E3AE0;
					};
					A50B7392273C8FDE008E3AE0 = {
						CreatedOnToolsVersion = 13.2;
						TestTargetID = A50B736F273C8FDB008E3AE0;
					};
				};
			};
			buildConfigurationList = A50B736B273C8FDB008E3AE0 /* Build configuration list for PBXProject "Prework" */;
			compatibilityVersion = "Xcode 13.0";
			developmentRegion = en;
			hasScannedForEncodings = 0;
			knownRegions = (
				en,
				Base,
			);
			mainGroup = A50B7367273C8FDB008E3AE0;
			productRefGroup = A50B7371273C8FDB008E3AE0 /* Products */;
			projectDirPath = "";
			projectRoot = "";
			targets = (
				A50B736F273C8FDB008E3AE0 /* Prework */,
				A50B7388273C8FDD008E3AE0 /* PreworkTests */,
				A50B7392273C8FDE008E3AE0 /* PreworkUITests */,
			);
		};
/* End PBXProject section */

/* Begin PBXResourcesBuildPhase section */
		A50B736E273C8FDB008E3AE0 /* Resources */ = {
			isa = PBXResourcesBuildPhase;
			buildActionMask = 2147483647;
			files = (
				A50B7383273C8FDD008E3AE0 /* LaunchScreen.storyboard in Resources */,
				A50B7380273C8FDD008E3AE0 /* Assets.xcassets in Resources */,
				A50B737B273C8FDB008E3AE0 /* Main.storyboard in Resources */,
			);
			runOnlyForDeploymentPostprocessing = 0;
		};
		A50B7387273C8FDD008E3AE0 /* Resources */ = {
			isa = PBXResourcesBuildPhase;
			buildActionMask = 2147483647;
			files = (
			);
			runOnlyForDeploymentPostprocessing = 0;
		};
		A50B7391273C8FDE008E3AE0 /* Resources */ = {
			isa = PBXResourcesBuildPhase;
			buildActionMask = 2147483647;
			files = (
			);
			runOnlyForDeploymentPostprocessing = 0;
		};
/* End PBXResourcesBuildPhase section */

/* Begin PBXSourcesBuildPhase section */
		A50B736C273C8FDB008E3AE0 /* Sources */ = {
			isa = PBXSourcesBuildPhase;
			buildActionMask = 2147483647;
			files = (
				A50B7378273C8FDB008E3AE0 /* ViewController.swift in Sources */,
				A50B7374273C8FDB008E3AE0 /* AppDelegate.swift in Sources */,
				A50B737E273C8FDB008E3AE0 /* Prework.xcdatamodeld in Sources */,
				A50B7376273C8FDB008E3AE0 /* SceneDelegate.swift in Sources */,
			);
			runOnlyForDeploymentPostprocessing = 0;
		};
		A50B7385273C8FDD008E3AE0 /* Sources */ = {
			isa = PBXSourcesBuildPhase;
			buildActionMask = 2147483647;
			files = (
				A50B738E273C8FDD008E3AE0 /* PreworkTests.swift in Sources */,
			);
			runOnlyForDeploymentPostprocessing = 0;
		};
		A50B738F273C8FDE008E3AE0 /* Sources */ = {
			isa = PBXSourcesBuildPhase;
			buildActionMask = 2147483647;
			files = (
				A50B7398273C8FDE008E3AE0 /* PreworkUITests.swift in Sources */,
				A50B739A273C8FDE008E3AE0 /* PreworkUITestsLaunchTests.swift in Sources */,
			);
			runOnlyForDeploymentPostprocessing = 0;
		};
/* End PBXSourcesBuildPhase section */

/* Begin PBXTargetDependency section */
		A50B738B273C8FDD008E3AE0 /* PBXTargetDependency */ = {
			isa = PBXTargetDependency;
			target = A50B736F273C8FDB008E3AE0 /* Prework */;
			targetProxy = A50B738A273C8FDD008E3AE0 /* PBXContainerItemProxy */;
		};
		A50B7395273C8FDE008E3AE0 /* PBXTargetDependency */ = {
			isa = PBXTargetDependency;
			target = A50B736F273C8FDB008E3AE0 /* Prework */;
			targetProxy = A50B7394273C8FDE008E3AE0 /* PBXContainerItemProxy */;
		};
/* End PBXTargetDependency section */

/* Begin PBXVariantGroup section */
		A50B7379273C8FDB008E3AE0 /* Main.storyboard */ = {
			isa = PBXVariantGroup;
			children = (
				A50B737A273C8FDB008E3AE0 /* Base */,
			);
			name = Main.storyboard;
			sourceTree = "<group>";
		};
		A50B7381273C8FDD008E3AE0 /* LaunchScreen.storyboard */ = {
			isa = PBXVariantGroup;
			children = (
				A50B7382273C8FDD008E3AE0 /* Base */,
			);
			name = LaunchScreen.storyboard;
			sourceTree = "<group>";
		};
/* End PBXVariantGroup section */

/* Begin XCBuildConfiguration section */
		A50B739B273C8FDE008E3AE0 /* Debug */ = {
			isa = XCBuildConfiguration;
			buildSettings = {
				ALWAYS_SEARCH_USER_PATHS = NO;
				CLANG_ANALYZER_NONNULL = YES;
				CLANG_ANALYZER_NUMBER_OBJECT_CONVERSION = YES_AGGRESSIVE;
				CLANG_CXX_LANGUAGE_STANDARD = "gnu++17";
				CLANG_CXX_LIBRARY = "libc++";
				CLANG_ENABLE_MODULES = YES;
				CLANG_ENABLE_OBJC_ARC = YES;
				CLANG_ENABLE_OBJC_WEAK = YES;
				CLANG_WARN_BLOCK_CAPTURE_AUTORELEASING = YES;
				CLANG_WARN_BOOL_CONVERSION = YES;
				CLANG_WARN_COMMA = YES;
				CLANG_WARN_CONSTANT_CONVERSION = YES;
				CLANG_WARN_DEPRECATED_OBJC_IMPLEMENTATIONS = YES;
				CLANG_WARN_DIRECT_OBJC_ISA_USAGE = YES_ERROR;
				CLANG_WARN_DOCUMENTATION_COMMENTS = YES;
				CLANG_WARN_EMPTY_BODY = YES;
				CLANG_WARN_ENUM_CONVERSION = YES;
				CLANG_WARN_INFINITE_RECURSION = YES;
				CLANG_WARN_INT_CONVERSION = YES;
				CLANG_WARN_NON_LITERAL_NULL_CONVERSION = YES;
				CLANG_WARN_OBJC_IMPLICIT_RETAIN_SELF = YES;
				CLANG_WARN_OBJC_LITERAL_CONVERSION = YES;
				CLANG_WARN_OBJC_ROOT_CLASS = YES_ERROR;
				CLANG_WARN_QUOTED_INCLUDE_IN_FRAMEWORK_HEADER = YES;
				CLANG_WARN_RANGE_LOOP_ANALYSIS = YES;
				CLANG_WARN_STRICT_PROTOTYPES = YES;
				CLANG_WARN_SUSPICIOUS_MOVE = YES;
				CLANG_WARN_UNGUARDED_AVAILABILITY = YES_AGGRESSIVE;
				CLANG_WARN_UNREACHABLE_CODE = YES;
				CLANG_WARN__DUPLICATE_METHOD_MATCH = YES;
				COPY_PHASE_STRIP = NO;
				DEBUG_INFORMATION_FORMAT = dwarf;
				ENABLE_STRICT_OBJC_MSGSEND = YES;
				ENABLE_TESTABILITY = YES;
				GCC_C_LANGUAGE_STANDARD = gnu11;
				GCC_DYNAMIC_NO_PIC = NO;
				GCC_NO_COMMON_BLOCKS = YES;
				GCC_OPTIMIZATION_LEVEL = 0;
				GCC_PREPROCESSOR_DEFINITIONS = (
					"DEBUG=1",
					"$(inherited)",
				);
				GCC_WARN_64_TO_32_BIT_CONVERSION = YES;
				GCC_WARN_ABOUT_RETURN_TYPE = YES_ERROR;
				GCC_WARN_UNDECLARED_SELECTOR = YES;
				GCC_WARN_UNINITIALIZED_AUTOS = YES_AGGRESSIVE;
				GCC_WARN_UNUSED_FUNCTION = YES;
				GCC_WARN_UNUSED_VARIABLE = YES;
				IPHONEOS_DEPLOYMENT_TARGET = 15.2;
				MTL_ENABLE_DEBUG_INFO = INCLUDE_SOURCE;
				MTL_FAST_MATH = YES;
				ONLY_ACTIVE_ARCH = YES;
				SDKROOT = iphoneos;
				SWIFT_ACTIVE_COMPILATION_CONDITIONS = DEBUG;
				SWIFT_OPTIMIZATION_LEVEL = "-Onone";
			};
			name = Debug;
		};
		A50B739C273C8FDE008E3AE0 /* Release */ = {
			isa = XCBuildConfiguration;
			buildSettings = {
				ALWAYS_SEARCH_USER_PATHS = NO;
				CLANG_ANALYZER_NONNULL = YES;
				CLANG_ANALYZER_NUMBER_OBJECT_CONVERSION = YES_AGGRESSIVE;
				CLANG_CXX_LANGUAGE_STANDARD = "gnu++17";
				CLANG_CXX_LIBRARY = "libc++";
				CLANG_ENABLE_MODULES = YES;
				CLANG_ENABLE_OBJC_ARC = YES;
				CLANG_ENABLE_OBJC_WEAK = YES;
				CLANG_WARN_BLOCK_CAPTURE_AUTORELEASING = YES;
				CLANG_WARN_BOOL_CONVERSION = YES;
				CLANG_WARN_COMMA = YES;
				CLANG_WARN_CONSTANT_CONVERSION = YES;
				CLANG_WARN_DEPRECATED_OBJC_IMPLEMENTATIONS = YES;
				CLANG_WARN_DIRECT_OBJC_ISA_USAGE = YES_ERROR;
				CLANG_WARN_DOCUMENTATION_COMMENTS = YES;
				CLANG_WARN_EMPTY_BODY = YES;
				CLANG_WARN_ENUM_CONVERSION = YES;
				CLANG_WARN_INFINITE_RECURSION = YES;
				CLANG_WARN_INT_CONVERSION = YES;
				CLANG_WARN_NON_LITERAL_NULL_CONVERSION = YES;
				CLANG_WARN_OBJC_IMPLICIT_RETAIN_SELF = YES;
				CLANG_WARN_OBJC_LITERAL_CONVERSION = YES;
				CLANG_WARN_OBJC_ROOT_CLASS = YES_ERROR;
				CLANG_WARN_QUOTED_INCLUDE_IN_FRAMEWORK_HEADER = YES;
				CLANG_WARN_RANGE_LOOP_ANALYSIS = YES;
				CLANG_WARN_STRICT_PROTOTYPES = YES;
				CLANG_WARN_SUSPICIOUS_MOVE = YES;
				CLANG_WARN_UNGUARDED_AVAILABILITY = YES_AGGRESSIVE;
				CLANG_WARN_UNREACHABLE_CODE = YES;
				CLANG_WARN__DUPLICATE_METHOD_MATCH = YES;
				COPY_PHASE_STRIP = NO;
				DEBUG_INFORMATION_FORMAT = "dwarf-with-dsym";
				ENABLE_NS_ASSERTIONS = NO;
				ENABLE_STRICT_OBJC_MSGSEND = YES;
				GCC_C_LANGUAGE_STANDARD = gnu11;
				GCC_NO_COMMON_BLOCKS = YES;
				GCC_WARN_64_TO_32_BIT_CONVERSION = YES;
				GCC_WARN_ABOUT_RETURN_TYPE = YES_ERROR;
				GCC_WARN_UNDECLARED_SELECTOR = YES;
				GCC_WARN_UNINITIALIZED_AUTOS = YES_AGGRESSIVE;
				GCC_WARN_UNUSED_FUNCTION = YES;
				GCC_WARN_UNUSED_VARIABLE = YES;
				IPHONEOS_DEPLOYMENT_TARGET = 15.2;
				MTL_ENABLE_DEBUG_INFO = NO;
				MTL_FAST_MATH = YES;
				SDKROOT = iphoneos;
				SWIFT_COMPILATION_MODE = wholemodule;
				SWIFT_OPTIMIZATION_LEVEL = "-O";
				VALIDATE_PRODUCT = YES;
			};
			name = Release;
		};
		A50B739E273C8FDE008E3AE0 /* Debug */ = {
			isa = XCBuildConfiguration;
			buildSettings = {
				ASSETCATALOG_COMPILER_APPICON_NAME = AppIcon;
				ASSETCATALOG_COMPILER_GLOBAL_ACCENT_COLOR_NAME = AccentColor;
				CODE_SIGN_STYLE = Automatic;
				CURRENT_PROJECT_VERSION = 1;
				GENERATE_INFOPLIST_FILE = YES;
				INFOPLIST_FILE = Prework/Info.plist;
				INFOPLIST_KEY_CFBundleDisplayName = "Tip Mate";
				INFOPLIST_KEY_UIApplicationSupportsIndirectInputEvents = YES;
				INFOPLIST_KEY_UILaunchStoryboardName = LaunchScreen;
				INFOPLIST_KEY_UIMainStoryboardFile = Main;
				INFOPLIST_KEY_UISupportedInterfaceOrientations_iPad = "UIInterfaceOrientationPortrait UIInterfaceOrientationPortraitUpsideDown UIInterfaceOrientationLandscapeLeft UIInterfaceOrientationLandscapeRight";
				INFOPLIST_KEY_UISupportedInterfaceOrientations_iPhone = "UIInterfaceOrientationPortrait UIInterfaceOrientationLandscapeLeft UIInterfaceOrientationLandscapeRight";
				LD_RUNPATH_SEARCH_PATHS = (
					"$(inherited)",
					"@executable_path/Frameworks",
				);
				MARKETING_VERSION = 1.0;
				PRODUCT_BUNDLE_IDENTIFIER = memo.com.Prework;
				PRODUCT_NAME = "$(TARGET_NAME)";
				SWIFT_EMIT_LOC_STRINGS = YES;
				SWIFT_VERSION = 5.0;
				TARGETED_DEVICE_FAMILY = "1,2";
			};
			name = Debug;
		};
		A50B739F273C8FDE008E3AE0 /* Release */ = {
			isa = XCBuildConfiguration;
			buildSettings = {
				ASSETCATALOG_COMPILER_APPICON_NAME = AppIcon;
				ASSETCATALOG_COMPILER_GLOBAL_ACCENT_COLOR_NAME = AccentColor;
				CODE_SIGN_STYLE = Automatic;
				CURRENT_PROJECT_VERSION = 1;
				GENERATE_INFOPLIST_FILE = YES;
				INFOPLIST_FILE = Prework/Info.plist;
				INFOPLIST_KEY_CFBundleDisplayName = "Tip Mate";
				INFOPLIST_KEY_UIApplicationSupportsIndirectInputEvents = YES;
				INFOPLIST_KEY_UILaunchStoryboardName = LaunchScreen;
				INFOPLIST_KEY_UIMainStoryboardFile = Main;
				INFOPLIST_KEY_UISupportedInterfaceOrientations_iPad = "UIInterfaceOrientationPortrait UIInterfaceOrientationPortraitUpsideDown UIInterfaceOrientationLandscapeLeft UIInterfaceOrientationLandscapeRight";
				INFOPLIST_KEY_UISupportedInterfaceOrientations_iPhone = "UIInterfaceOrientationPortrait UIInterfaceOrientationLandscapeLeft UIInterfaceOrientationLandscapeRight";
				LD_RUNPATH_SEARCH_PATHS = (
					"$(inherited)",
					"@executable_path/Frameworks",
				);
				MARKETING_VERSION = 1.0;
				PRODUCT_BUNDLE_IDENTIFIER = memo.com.Prework;
				PRODUCT_NAME = "$(TARGET_NAME)";
				SWIFT_EMIT_LOC_STRINGS = YES;
				SWIFT_VERSION = 5.0;
				TARGETED_DEVICE_FAMILY = "1,2";
			};
			name = Release;
		};
		A50B73A1273C8FDE008E3AE0 /* Debug */ = {
			isa = XCBuildConfiguration;
			buildSettings = {
				ALWAYS_EMBED_SWIFT_STANDARD_LIBRARIES = YES;
				BUNDLE_LOADER = "$(TEST_HOST)";
				CODE_SIGN_STYLE = Automatic;
				CURRENT_PROJECT_VERSION = 1;
				GENERATE_INFOPLIST_FILE = YES;
				IPHONEOS_DEPLOYMENT_TARGET = 15.2;
				MARKETING_VERSION = 1.0;
				PRODUCT_BUNDLE_IDENTIFIER = memo.com.PreworkTests;
				PRODUCT_NAME = "$(TARGET_NAME)";
				SWIFT_EMIT_LOC_STRINGS = NO;
				SWIFT_VERSION = 5.0;
				TARGETED_DEVICE_FAMILY = "1,2";
				TEST_HOST = "$(BUILT_PRODUCTS_DIR)/Prework.app/Prework";
			};
			name = Debug;
		};
		A50B73A2273C8FDE008E3AE0 /* Release */ = {
			isa = XCBuildConfiguration;
			buildSettings = {
				ALWAYS_EMBED_SWIFT_STANDARD_LIBRARIES = YES;
				BUNDLE_LOADER = "$(TEST_HOST)";
				CODE_SIGN_STYLE = Automatic;
				CURRENT_PROJECT_VERSION = 1;
				GENERATE_INFOPLIST_FILE = YES;
				IPHONEOS_DEPLOYMENT_TARGET = 15.2;
				MARKETING_VERSION = 1.0;
				PRODUCT_BUNDLE_IDENTIFIER = memo.com.PreworkTests;
				PRODUCT_NAME = "$(TARGET_NAME)";
				SWIFT_EMIT_LOC_STRINGS = NO;
				SWIFT_VERSION = 5.0;
				TARGETED_DEVICE_FAMILY = "1,2";
				TEST_HOST = "$(BUILT_PRODUCTS_DIR)/Prework.app/Prework";
			};
			name = Release;
		};
		A50B73A4273C8FDE008E3AE0 /* Debug */ = {
			isa = XCBuildConfiguration;
			buildSettings = {
				ALWAYS_EMBED_SWIFT_STANDARD_LIBRARIES = YES;
				CODE_SIGN_STYLE = Automatic;
				CURRENT_PROJECT_VERSION = 1;
				GENERATE_INFOPLIST_FILE = YES;
				MARKETING_VERSION = 1.0;
				PRODUCT_BUNDLE_IDENTIFIER = memo.com.PreworkUITests;
				PRODUCT_NAME = "$(TARGET_NAME)";
				SWIFT_EMIT_LOC_STRINGS = NO;
				SWIFT_VERSION = 5.0;
				TARGETED_DEVICE_FAMILY = "1,2";
				TEST_TARGET_NAME = Prework;
			};
			name = Debug;
		};
		A50B73A5273C8FDE008E3AE0 /* Release */ = {
			isa = XCBuildConfiguration;
			buildSettings = {
				ALWAYS_EMBED_SWIFT_STANDARD_LIBRARIES = YES;
				CODE_SIGN_STYLE = Automatic;
				CURRENT_PROJECT_VERSION = 1;
				GENERATE_INFOPLIST_FILE = YES;
				MARKETING_VERSION = 1.0;
				PRODUCT_BUNDLE_IDENTIFIER = memo.com.PreworkUITests;
				PRODUCT_NAME = "$(TARGET_NAME)";
				SWIFT_EMIT_LOC_STRINGS = NO;
				SWIFT_VERSION = 5.0;
				TARGETED_DEVICE_FAMILY = "1,2";
				TEST_TARGET_NAME = Prework;
			};
			name = Release;
		};
/* End XCBuildConfiguration section */

/* Begin XCConfigurationList section */
		A50B736B273C8FDB008E3AE0 /* Build configuration list for PBXProject "Prework" */ = {
			isa = XCConfigurationList;
			buildConfigurations = (
				A50B739B273C8FDE008E3AE0 /* Debug */,
				A50B739C273C8FDE008E3AE0 /* Release */,
			);
			defaultConfigurationIsVisible = 0;
			defaultConfigurationName = Release;
		};
		A50B739D273C8FDE008E3AE0 /* Build configuration list for PBXNativeTarget "Prework" */ = {
			isa = XCConfigurationList;
			buildConfigurations = (
				A50B739E273C8FDE008E3AE0 /* Debug */,
				A50B739F273C8FDE008E3AE0 /* Release */,
			);
			defaultConfigurationIsVisible = 0;
			defaultConfigurationName = Release;
		};
		A50B73A0273C8FDE008E3AE0 /* Build configuration list for PBXNativeTarget "PreworkTests" */ = {
			isa = XCConfigurationList;
			buildConfigurations = (
				A50B73A1273C8FDE008E3AE0 /* Debug */,
				A50B73A2273C8FDE008E3AE0 /* Release */,
			);
			defaultConfigurationIsVisible = 0;
			defaultConfigurationName = Release;
		};
		A50B73A3273C8FDE008E3AE0 /* Build configuration list for PBXNativeTarget "PreworkUITests" */ = {
			isa = XCConfigurationList;
			buildConfigurations = (
				A50B73A4273C8FDE008E3AE0 /* Debug */,
				A50B73A5273C8FDE008E3AE0 /* Release */,
			);
			defaultConfigurationIsVisible = 0;
			defaultConfigurationName = Release;
		};
/* End XCConfigurationList section */

/* Begin XCVersionGroup section */
		A50B737C273C8FDB008E3AE0 /* Prework.xcdatamodeld */ = {
			isa = XCVersionGroup;
			children = (
				A50B737D273C8FDB008E3AE0 /* Prework.xcdatamodel */,
			);
			currentVersion = A50B737D273C8FDB008E3AE0 /* Prework.xcdatamodel */;
			path = Prework.xcdatamodeld;
			sourceTree = "<group>";
			versionGroupType = wrapper.xcdatamodel;
		};
/* End XCVersionGroup section */
	};
	rootObject = A50B7368273C8FDB008E3AE0 /* Project object */;
}
